
Microsoft Visual Studio Solution File, Format Version 12.00
# Visual Studio Version 16
VisualStudioVersion = 16.0.30621.155
MinimumVisualStudioVersion = 10.0.40219.1
Project("{FAE04EC0-301F-11D3-BF4B-00C04F79EFBC}") = "oto_kiralama", "oto_kiralama\oto_kiralama.csproj", "{33187CF5-6DFF-4B83-A3B7-F2FAAD049867}"
EndProject
Project("{54435603-DBB4-11D2-8724-00A0C9A8B90C}") = "Oto Kiralama Yönetim Sistemleri", "..\Setup Dosyası\Oto Kiralama Yönetim Sistemleri\Oto Kiralama Yönetim Sistemleri.vdproj", "{B24FD763-E546-43C7-97B0-A6C069141303}"
EndProject
Global
	GlobalSection(SolutionConfigurationPlatforms) = preSolution
		Debug|Any CPU = Debug|Any CPU
		Release|Any CPU = Release|Any CPU
	EndGlobalSection
	GlobalSection(ProjectConfigurationPlatforms) = postSolution
		{33187CF5-6DFF-4B83-A3B7-F2FAAD049867}.Debug|Any CPU.ActiveCfg = Debug|Any CPU
		{33187CF5-6DFF-4B83-A3B7-F2FAAD049867}.Debug|Any CPU.Build.0 = Debug|Any CPU
		{33187CF5-6DFF-4B83-A3B7-F2FAAD049867}.Release|Any CPU.ActiveCfg = Release|Any CPU
		{33187CF5-6DFF-4B83-A3B7-F2FAAD049867}.Release|Any CPU.Build.0 = Release|Any CPU
		{B24FD763-E546-43C7-97B0-A6C069141303}.Debug|Any CPU.ActiveCfg = Debug
		{B24FD763-E546-43C7-97B0-A6C069141303}.Release|Any CPU.ActiveCfg = Release
	EndGlobalSection
	GlobalSection(SolutionProperties) = preSolution
		HideSolutionNode = FALSE
	EndGlobalSection
	GlobalSection(ExtensibilityGlobals) = postSolution
		SolutionGuid = {203A1ADB-9B04-427A-97B1-168D1B26FB5F}
	EndGlobalSection
EndGlobal
